// !$*UTF8*$!
{
	archiveVersion = 1;
	classes = {
	};
	objectVersion = 56;
	objects = {

/* Begin PBXBuildFile section */
		291C60AF2C2DC70500835B14 /* ServiceHelper.swift in Sources */ = {isa = PBXBuildFile; fileRef = 291C60AE2C2DC70500835B14 /* ServiceHelper.swift */; };
		291C60B12C2DC7EB00835B14 /* ConfigFile.swift in Sources */ = {isa = PBXBuildFile; fileRef = 291C60B02C2DC7EB00835B14 /* ConfigFile.swift */; };
		2935EEB52C472D8000013576 /* MainViewController.swift in Sources */ = {isa = PBXBuildFile; fileRef = 2935EEB42C472D8000013576 /* MainViewController.swift */; };
		2935EEB82C472E3800013576 /* SplashViewController.swift in Sources */ = {isa = PBXBuildFile; fileRef = 2935EEB72C472E3800013576 /* SplashViewController.swift */; };
		2935EEBA2C472E4900013576 /* SplashView.swift in Sources */ = {isa = PBXBuildFile; fileRef = 2935EEB92C472E4900013576 /* SplashView.swift */; };
		29816D192C1EFAB0004CB392 /* ProductCollectionViewCell.swift in Sources */ = {isa = PBXBuildFile; fileRef = 29816D182C1EFAB0004CB392 /* ProductCollectionViewCell.swift */; };
		29816D1C2C1EFC61004CB392 /* UIViewExtension.swift in Sources */ = {isa = PBXBuildFile; fileRef = 29816D1B2C1EFC61004CB392 /* UIViewExtension.swift */; };
		29816D1E2C21952E004CB392 /* StringExt.swift in Sources */ = {isa = PBXBuildFile; fileRef = 29816D1D2C21952E004CB392 /* StringExt.swift */; };
		29816D202C21A4FF004CB392 /* SponsoredProductCollectionViewCell.swift in Sources */ = {isa = PBXBuildFile; fileRef = 29816D1F2C21A4FF004CB392 /* SponsoredProductCollectionViewCell.swift */; };
		2993DB752C1CB32D0038A34F /* AppDelegate.swift in Sources */ = {isa = PBXBuildFile; fileRef = 2993DB742C1CB32D0038A34F /* AppDelegate.swift */; };
		2993DB772C1CB32D0038A34F /* SceneDelegate.swift in Sources */ = {isa = PBXBuildFile; fileRef = 2993DB762C1CB32D0038A34F /* SceneDelegate.swift */; };
		2993DB7E2C1CB32E0038A34F /* Assets.xcassets in Resources */ = {isa = PBXBuildFile; fileRef = 2993DB7D2C1CB32E0038A34F /* Assets.xcassets */; };
		2993DB8E2C1CBA190038A34F /* ProductListModel.swift in Sources */ = {isa = PBXBuildFile; fileRef = 2993DB8D2C1CBA190038A34F /* ProductListModel.swift */; };
		2993DB902C1CBA780038A34F /* ProductListInteractor.swift in Sources */ = {isa = PBXBuildFile; fileRef = 2993DB8F2C1CBA780038A34F /* ProductListInteractor.swift */; };
		2993DB922C1CBB2A0038A34F /* ProductListPresenter.swift in Sources */ = {isa = PBXBuildFile; fileRef = 2993DB912C1CBB2A0038A34F /* ProductListPresenter.swift */; };
		2993DB942C1CBB590038A34F /* ProductListRouter.swift in Sources */ = {isa = PBXBuildFile; fileRef = 2993DB932C1CBB590038A34F /* ProductListRouter.swift */; };
		2993DB962C1CBB8E0038A34F /* ProductListView.swift in Sources */ = {isa = PBXBuildFile; fileRef = 2993DB952C1CBB8E0038A34F /* ProductListView.swift */; };
		2993DB982C1DBAE50038A34F /* ProductDetailView.swift in Sources */ = {isa = PBXBuildFile; fileRef = 2993DB972C1DBAE50038A34F /* ProductDetailView.swift */; };
		2993DB9A2C1DBB1D0038A34F /* ProductDetailRouter.swift in Sources */ = {isa = PBXBuildFile; fileRef = 2993DB992C1DBB1D0038A34F /* ProductDetailRouter.swift */; };
		2993DB9C2C1DBB4A0038A34F /* ProductDetailPresenter.swift in Sources */ = {isa = PBXBuildFile; fileRef = 2993DB9B2C1DBB4A0038A34F /* ProductDetailPresenter.swift */; };
		2993DB9E2C1DBB630038A34F /* ProductDetailInteractor.swift in Sources */ = {isa = PBXBuildFile; fileRef = 2993DB9D2C1DBB630038A34F /* ProductDetailInteractor.swift */; };
		2993DBA02C1DBB720038A34F /* ProductDetailModel.swift in Sources */ = {isa = PBXBuildFile; fileRef = 2993DB9F2C1DBB720038A34F /* ProductDetailModel.swift */; };
		29AB60D32C270FC300E2F537 /* ProductDetailCell.swift in Sources */ = {isa = PBXBuildFile; fileRef = 29AB60D22C270FC300E2F537 /* ProductDetailCell.swift */; };
		29BA13F52C486AAB00A8C1FB /* Router.swift in Sources */ = {isa = PBXBuildFile; fileRef = 29BA13F42C486AAB00A8C1FB /* Router.swift */; };
		29BA13F72C486B9500A8C1FB /* MainView.swift in Sources */ = {isa = PBXBuildFile; fileRef = 29BA13F62C486B9500A8C1FB /* MainView.swift */; };
		88E0F6A9D3ED332636DD183E /* Pods_ShopAppViper.framework in Frameworks */ = {isa = PBXBuildFile; fileRef = 9D110B8030347D7244746D40 /* Pods_ShopAppViper.framework */; };
/* End PBXBuildFile section */

/* Begin PBXFileReference section */
		24E62B34B3DA86A79F7457C8 /* Pods-ShopAppViper.release.xcconfig */ = {isa = PBXFileReference; includeInIndex = 1; lastKnownFileType = text.xcconfig; name = "Pods-ShopAppViper.release.xcconfig"; path = "Target Support Files/Pods-ShopAppViper/Pods-ShopAppViper.release.xcconfig"; sourceTree = "<group>"; };
		291C60AE2C2DC70500835B14 /* ServiceHelper.swift */ = {isa = PBXFileReference; lastKnownFileType = sourcecode.swift; path = ServiceHelper.swift; sourceTree = "<group>"; };
		291C60B02C2DC7EB00835B14 /* ConfigFile.swift */ = {isa = PBXFileReference; lastKnownFileType = sourcecode.swift; path = ConfigFile.swift; sourceTree = "<group>"; };
		2935EEB42C472D8000013576 /* MainViewController.swift */ = {isa = PBXFileReference; lastKnownFileType = sourcecode.swift; path = MainViewController.swift; sourceTree = "<group>"; };
		2935EEB72C472E3800013576 /* SplashViewController.swift */ = {isa = PBXFileReference; lastKnownFileType = sourcecode.swift; path = SplashViewController.swift; sourceTree = "<group>"; };
		2935EEB92C472E4900013576 /* SplashView.swift */ = {isa = PBXFileReference; lastKnownFileType = sourcecode.swift; path = SplashView.swift; sourceTree = "<group>"; };
		29816D182C1EFAB0004CB392 /* ProductCollectionViewCell.swift */ = {isa = PBXFileReference; lastKnownFileType = sourcecode.swift; path = ProductCollectionViewCell.swift; sourceTree = "<group>"; };
		29816D1B2C1EFC61004CB392 /* UIViewExtension.swift */ = {isa = PBXFileReference; lastKnownFileType = sourcecode.swift; path = UIViewExtension.swift; sourceTree = "<group>"; };
		29816D1D2C21952E004CB392 /* StringExt.swift */ = {isa = PBXFileReference; lastKnownFileType = sourcecode.swift; path = StringExt.swift; sourceTree = "<group>"; };
		29816D1F2C21A4FF004CB392 /* SponsoredProductCollectionViewCell.swift */ = {isa = PBXFileReference; lastKnownFileType = sourcecode.swift; path = SponsoredProductCollectionViewCell.swift; sourceTree = "<group>"; };
		2993DB712C1CB32D0038A34F /* ShopAppViper.app */ = {isa = PBXFileReference; explicitFileType = wrapper.application; includeInIndex = 0; path = ShopAppViper.app; sourceTree = BUILT_PRODUCTS_DIR; };
		2993DB742C1CB32D0038A34F /* AppDelegate.swift */ = {isa = PBXFileReference; lastKnownFileType = sourcecode.swift; path = AppDelegate.swift; sourceTree = "<group>"; };
		2993DB762C1CB32D0038A34F /* SceneDelegate.swift */ = {isa = PBXFileReference; lastKnownFileType = sourcecode.swift; path = SceneDelegate.swift; sourceTree = "<group>"; };
		2993DB7D2C1CB32E0038A34F /* Assets.xcassets */ = {isa = PBXFileReference; lastKnownFileType = folder.assetcatalog; path = Assets.xcassets; sourceTree = "<group>"; };
		2993DB822C1CB32E0038A34F /* Info.plist */ = {isa = PBXFileReference; lastKnownFileType = text.plist.xml; path = Info.plist; sourceTree = "<group>"; };
		2993DB8D2C1CBA190038A34F /* ProductListModel.swift */ = {isa = PBXFileReference; lastKnownFileType = sourcecode.swift; path = ProductListModel.swift; sourceTree = "<group>"; };
		2993DB8F2C1CBA780038A34F /* ProductListInteractor.swift */ = {isa = PBXFileReference; lastKnownFileType = sourcecode.swift; path = ProductListInteractor.swift; sourceTree = "<group>"; };
		2993DB912C1CBB2A0038A34F /* ProductListPresenter.swift */ = {isa = PBXFileReference; lastKnownFileType = sourcecode.swift; path = ProductListPresenter.swift; sourceTree = "<group>"; };
		2993DB932C1CBB590038A34F /* ProductListRouter.swift */ = {isa = PBXFileReference; lastKnownFileType = sourcecode.swift; path = ProductListRouter.swift; sourceTree = "<group>"; };
		2993DB952C1CBB8E0038A34F /* ProductListView.swift */ = {isa = PBXFileReference; lastKnownFileType = sourcecode.swift; path = ProductListView.swift; sourceTree = "<group>"; };
		2993DB972C1DBAE50038A34F /* ProductDetailView.swift */ = {isa = PBXFileReference; lastKnownFileType = sourcecode.swift; path = ProductDetailView.swift; sourceTree = "<group>"; };
		2993DB992C1DBB1D0038A34F /* ProductDetailRouter.swift */ = {isa = PBXFileReference; lastKnownFileType = sourcecode.swift; path = ProductDetailRouter.swift; sourceTree = "<group>"; };
		2993DB9B2C1DBB4A0038A34F /* ProductDetailPresenter.swift */ = {isa = PBXFileReference; lastKnownFileType = sourcecode.swift; path = ProductDetailPresenter.swift; sourceTree = "<group>"; };
		2993DB9D2C1DBB630038A34F /* ProductDetailInteractor.swift */ = {isa = PBXFileReference; lastKnownFileType = sourcecode.swift; path = ProductDetailInteractor.swift; sourceTree = "<group>"; };
		2993DB9F2C1DBB720038A34F /* ProductDetailModel.swift */ = {isa = PBXFileReference; lastKnownFileType = sourcecode.swift; path = ProductDetailModel.swift; sourceTree = "<group>"; };
		29AB60D22C270FC300E2F537 /* ProductDetailCell.swift */ = {isa = PBXFileReference; lastKnownFileType = sourcecode.swift; path = ProductDetailCell.swift; sourceTree = "<group>"; };
		29BA13F42C486AAB00A8C1FB /* Router.swift */ = {isa = PBXFileReference; lastKnownFileType = sourcecode.swift; path = Router.swift; sourceTree = "<group>"; };
		29BA13F62C486B9500A8C1FB /* MainView.swift */ = {isa = PBXFileReference; lastKnownFileType = sourcecode.swift; path = MainView.swift; sourceTree = "<group>"; };
		9D110B8030347D7244746D40 /* Pods_ShopAppViper.framework */ = {isa = PBXFileReference; explicitFileType = wrapper.framework; includeInIndex = 0; path = Pods_ShopAppViper.framework; sourceTree = BUILT_PRODUCTS_DIR; };
		B4DE0B7540CE0C017CFD3386 /* Pods-ShopAppViper.debug.xcconfig */ = {isa = PBXFileReference; includeInIndex = 1; lastKnownFileType = text.xcconfig; name = "Pods-ShopAppViper.debug.xcconfig"; path = "Target Support Files/Pods-ShopAppViper/Pods-ShopAppViper.debug.xcconfig"; sourceTree = "<group>"; };
/* End PBXFileReference section */

/* Begin PBXFrameworksBuildPhase section */
		2993DB6E2C1CB32D0038A34F /* Frameworks */ = {
			isa = PBXFrameworksBuildPhase;
			buildActionMask = 2147483647;
			files = (
				88E0F6A9D3ED332636DD183E /* Pods_ShopAppViper.framework in Frameworks */,
			);
			runOnlyForDeploymentPostprocessing = 0;
		};
/* End PBXFrameworksBuildPhase section */

/* Begin PBXGroup section */
		25B3AE679AE473BB0F210602 /* Frameworks */ = {
			isa = PBXGroup;
			children = (
				9D110B8030347D7244746D40 /* Pods_ShopAppViper.framework */,
			);
			name = Frameworks;
			sourceTree = "<group>";
		};
		291C60AD2C2DC6F300835B14 /* Helpers */ = {
			isa = PBXGroup;
			children = (
				291C60AE2C2DC70500835B14 /* ServiceHelper.swift */,
				291C60B02C2DC7EB00835B14 /* ConfigFile.swift */,
				29BA13F42C486AAB00A8C1FB /* Router.swift */,
			);
			path = Helpers;
			sourceTree = "<group>";
		};
		2935EEB12C472CCF00013576 /* VIPER */ = {
			isa = PBXGroup;
			children = (
				29AB60D42C2858CE00E2F537 /* ProductList */,
				29AB60D52C2858E200E2F537 /* ProductDetail */,
			);
			path = VIPER;
			sourceTree = "<group>";
		};
		2935EEB22C472CF500013576 /* ImportantFiles */ = {
			isa = PBXGroup;
			children = (
				2993DB7D2C1CB32E0038A34F /* Assets.xcassets */,
				2993DB762C1CB32D0038A34F /* SceneDelegate.swift */,
				2993DB742C1CB32D0038A34F /* AppDelegate.swift */,
			);
			path = ImportantFiles;
			sourceTree = "<group>";
		};
		2935EEB32C472D6B00013576 /* MainViewController */ = {
			isa = PBXGroup;
			children = (
				2935EEB42C472D8000013576 /* MainViewController.swift */,
				29BA13F62C486B9500A8C1FB /* MainView.swift */,
			);
			path = MainViewController;
			sourceTree = "<group>";
		};
		2935EEB62C472D8D00013576 /* SplashViewController */ = {
			isa = PBXGroup;
			children = (
				2935EEB72C472E3800013576 /* SplashViewController.swift */,
				2935EEB92C472E4900013576 /* SplashView.swift */,
			);
			path = SplashViewController;
			sourceTree = "<group>";
		};
		2935EEBB2C472EB200013576 /* Presentation */ = {
			isa = PBXGroup;
			children = (
				29BA13F92C48712500A8C1FB /* SubControllers */,
				29BA13F82C48711800A8C1FB /* MainControllers */,
			);
			path = Presentation;
			sourceTree = "<group>";
		};
		29816D172C1EFAA4004CB392 /* Cells */ = {
			isa = PBXGroup;
			children = (
				29AB60D22C270FC300E2F537 /* ProductDetailCell.swift */,
			);
			path = Cells;
			sourceTree = "<group>";
		};
		29816D1A2C1EFC57004CB392 /* Extensions */ = {
			isa = PBXGroup;
			children = (
				29816D1B2C1EFC61004CB392 /* UIViewExtension.swift */,
				29816D1D2C21952E004CB392 /* StringExt.swift */,
			);
			path = Extensions;
			sourceTree = "<group>";
		};
		2993DB682C1CB32D0038A34F = {
			isa = PBXGroup;
			children = (
				25B3AE679AE473BB0F210602 /* Frameworks */,
				C3DDFABF562A398AF8956696 /* Pods */,
				2993DB722C1CB32D0038A34F /* Products */,
				2993DB732C1CB32D0038A34F /* ShopAppViper */,
			);
			sourceTree = "<group>";
		};
		2993DB722C1CB32D0038A34F /* Products */ = {
			isa = PBXGroup;
			children = (
				2993DB712C1CB32D0038A34F /* ShopAppViper.app */,
			);
			name = Products;
			sourceTree = "<group>";
		};
		2993DB732C1CB32D0038A34F /* ShopAppViper */ = {
			isa = PBXGroup;
			children = (
				2935EEBB2C472EB200013576 /* Presentation */,
				2993DB822C1CB32E0038A34F /* Info.plist */,
				2935EEB22C472CF500013576 /* ImportantFiles */,
				291C60AD2C2DC6F300835B14 /* Helpers */,
				29816D1A2C1EFC57004CB392 /* Extensions */,
			);
			path = ShopAppViper;
			sourceTree = "<group>";
		};
		2993DB882C1CB5DE0038A34F /* Entities */ = {
			isa = PBXGroup;
			children = (
				2993DB9F2C1DBB720038A34F /* ProductDetailModel.swift */,
			);
			path = Entities;
			sourceTree = "<group>";
		};
		2993DB892C1CB5E70038A34F /* Interactors */ = {
			isa = PBXGroup;
			children = (
				2993DB9D2C1DBB630038A34F /* ProductDetailInteractor.swift */,
			);
			path = Interactors;
			sourceTree = "<group>";
		};
		2993DB8A2C1CB5F20038A34F /* Presenters */ = {
			isa = PBXGroup;
			children = (
				2993DB9B2C1DBB4A0038A34F /* ProductDetailPresenter.swift */,
			);
			path = Presenters;
			sourceTree = "<group>";
		};
		2993DB8B2C1CB5FF0038A34F /* Routers */ = {
			isa = PBXGroup;
			children = (
				2993DB992C1DBB1D0038A34F /* ProductDetailRouter.swift */,
			);
			path = Routers;
			sourceTree = "<group>";
		};
		2993DB8C2C1CB6070038A34F /* Views */ = {
			isa = PBXGroup;
			children = (
				2993DB972C1DBAE50038A34F /* ProductDetailView.swift */,
			);
			path = Views;
			sourceTree = "<group>";
		};
		29AB60D42C2858CE00E2F537 /* ProductList */ = {
			isa = PBXGroup;
			children = (
				29AB60DB2C28594500E2F537 /* Cells */,
				29AB60DA2C28593800E2F537 /* Router */,
				29AB60D92C28592900E2F537 /* Entities */,
				29AB60D82C28591500E2F537 /* Presenter */,
				29AB60D72C28590D00E2F537 /* Interactor */,
				29AB60D62C28590800E2F537 /* View */,
			);
			path = ProductList;
			sourceTree = "<group>";
		};
		29AB60D52C2858E200E2F537 /* ProductDetail */ = {
			isa = PBXGroup;
			children = (
				2993DB8C2C1CB6070038A34F /* Views */,
				2993DB8B2C1CB5FF0038A34F /* Routers */,
				2993DB8A2C1CB5F20038A34F /* Presenters */,
				2993DB892C1CB5E70038A34F /* Interactors */,
				2993DB882C1CB5DE0038A34F /* Entities */,
				29816D172C1EFAA4004CB392 /* Cells */,
			);
			path = ProductDetail;
			sourceTree = "<group>";
		};
		29AB60D62C28590800E2F537 /* View */ = {
			isa = PBXGroup;
			children = (
				2993DB952C1CBB8E0038A34F /* ProductListView.swift */,
			);
			path = View;
			sourceTree = "<group>";
		};
		29AB60D72C28590D00E2F537 /* Interactor */ = {
			isa = PBXGroup;
			children = (
				2993DB8F2C1CBA780038A34F /* ProductListInteractor.swift */,
			);
			path = Interactor;
			sourceTree = "<group>";
		};
		29AB60D82C28591500E2F537 /* Presenter */ = {
			isa = PBXGroup;
			children = (
				2993DB912C1CBB2A0038A34F /* ProductListPresenter.swift */,
			);
			path = Presenter;
			sourceTree = "<group>";
		};
		29AB60D92C28592900E2F537 /* Entities */ = {
			isa = PBXGroup;
			children = (
				2993DB8D2C1CBA190038A34F /* ProductListModel.swift */,
			);
			path = Entities;
			sourceTree = "<group>";
		};
		29AB60DA2C28593800E2F537 /* Router */ = {
			isa = PBXGroup;
			children = (
				2993DB932C1CBB590038A34F /* ProductListRouter.swift */,
			);
			path = Router;
			sourceTree = "<group>";
		};
		29AB60DB2C28594500E2F537 /* Cells */ = {
			isa = PBXGroup;
			children = (
				29816D182C1EFAB0004CB392 /* ProductCollectionViewCell.swift */,
				29816D1F2C21A4FF004CB392 /* SponsoredProductCollectionViewCell.swift */,
			);
			path = Cells;
			sourceTree = "<group>";
		};
		29BA13F82C48711800A8C1FB /* MainControllers */ = {
			isa = PBXGroup;
			children = (
				2935EEB62C472D8D00013576 /* SplashViewController */,
				2935EEB32C472D6B00013576 /* MainViewController */,
			);
			path = MainControllers;
			sourceTree = "<group>";
		};
		29BA13F92C48712500A8C1FB /* SubControllers */ = {
			isa = PBXGroup;
			children = (
				2935EEB12C472CCF00013576 /* VIPER */,
			);
			path = SubControllers;
			sourceTree = "<group>";
		};
		C3DDFABF562A398AF8956696 /* Pods */ = {
			isa = PBXGroup;
			children = (
				B4DE0B7540CE0C017CFD3386 /* Pods-ShopAppViper.debug.xcconfig */,
				24E62B34B3DA86A79F7457C8 /* Pods-ShopAppViper.release.xcconfig */,
			);
			path = Pods;
			sourceTree = "<group>";
		};
/* End PBXGroup section */

/* Begin PBXNativeTarget section */
		2993DB702C1CB32D0038A34F /* ShopAppViper */ = {
			isa = PBXNativeTarget;
			buildConfigurationList = 2993DB852C1CB32E0038A34F /* Build configuration list for PBXNativeTarget "ShopAppViper" */;
			buildPhases = (
				94343CF8B5AC76B832375945 /* [CP] Check Pods Manifest.lock */,
				2993DB6D2C1CB32D0038A34F /* Sources */,
				2993DB6E2C1CB32D0038A34F /* Frameworks */,
				2993DB6F2C1CB32D0038A34F /* Resources */,
				220D8F0C32067A43BF0D728B /* [CP] Embed Pods Frameworks */,
			);
			buildRules = (
			);
			dependencies = (
			);
			name = ShopAppViper;
			productName = ShopAppViper;
			productReference = 2993DB712C1CB32D0038A34F /* ShopAppViper.app */;
			productType = "com.apple.product-type.application";
		};
/* End PBXNativeTarget section */

/* Begin PBXProject section */
		2993DB692C1CB32D0038A34F /* Project object */ = {
			isa = PBXProject;
			attributes = {
				BuildIndependentTargetsInParallel = 1;
				LastSwiftUpdateCheck = 1540;
				LastUpgradeCheck = 1540;
				TargetAttributes = {
					2993DB702C1CB32D0038A34F = {
						CreatedOnToolsVersion = 15.4;
					};
				};
			};
			buildConfigurationList = 2993DB6C2C1CB32D0038A34F /* Build configuration list for PBXProject "ShopAppViper" */;
			compatibilityVersion = "Xcode 14.0";
			developmentRegion = en;
			hasScannedForEncodings = 0;
			knownRegions = (
				en,
				Base,
			);
			mainGroup = 2993DB682C1CB32D0038A34F;
			productRefGroup = 2993DB722C1CB32D0038A34F /* Products */;
			projectDirPath = "";
			projectRoot = "";
			targets = (
				2993DB702C1CB32D0038A34F /* ShopAppViper */,
			);
		};
/* End PBXProject section */

/* Begin PBXResourcesBuildPhase section */
		2993DB6F2C1CB32D0038A34F /* Resources */ = {
			isa = PBXResourcesBuildPhase;
			buildActionMask = 2147483647;
			files = (
				2993DB7E2C1CB32E0038A34F /* Assets.xcassets in Resources */,
			);
			runOnlyForDeploymentPostprocessing = 0;
		};
/* End PBXResourcesBuildPhase section */

/* Begin PBXShellScriptBuildPhase section */
		220D8F0C32067A43BF0D728B /* [CP] Embed Pods Frameworks */ = {
			isa = PBXShellScriptBuildPhase;
			buildActionMask = 2147483647;
			files = (
			);
			inputFileListPaths = (
				"${PODS_ROOT}/Target Support Files/Pods-ShopAppViper/Pods-ShopAppViper-frameworks-${CONFIGURATION}-input-files.xcfilelist",
			);
			name = "[CP] Embed Pods Frameworks";
			outputFileListPaths = (
				"${PODS_ROOT}/Target Support Files/Pods-ShopAppViper/Pods-ShopAppViper-frameworks-${CONFIGURATION}-output-files.xcfilelist",
			);
			runOnlyForDeploymentPostprocessing = 0;
			shellPath = /bin/sh;
			shellScript = "\"${PODS_ROOT}/Target Support Files/Pods-ShopAppViper/Pods-ShopAppViper-frameworks.sh\"\n";
			showEnvVarsInLog = 0;
		};
		94343CF8B5AC76B832375945 /* [CP] Check Pods Manifest.lock */ = {
			isa = PBXShellScriptBuildPhase;
			buildActionMask = 2147483647;
			files = (
			);
			inputFileListPaths = (
			);
			inputPaths = (
				"${PODS_PODFILE_DIR_PATH}/Podfile.lock",
				"${PODS_ROOT}/Manifest.lock",
			);
			name = "[CP] Check Pods Manifest.lock";
			outputFileListPaths = (
			);
			outputPaths = (
				"$(DERIVED_FILE_DIR)/Pods-ShopAppViper-checkManifestLockResult.txt",
			);
			runOnlyForDeploymentPostprocessing = 0;
			shellPath = /bin/sh;
			shellScript = "diff \"${PODS_PODFILE_DIR_PATH}/Podfile.lock\" \"${PODS_ROOT}/Manifest.lock\" > /dev/null\nif [ $? != 0 ] ; then\n    # print error to STDERR\n    echo \"error: The sandbox is not in sync with the Podfile.lock. Run 'pod install' or update your CocoaPods installation.\" >&2\n    exit 1\nfi\n# This output is used by Xcode 'outputs' to avoid re-running this script phase.\necho \"SUCCESS\" > \"${SCRIPT_OUTPUT_FILE_0}\"\n";
			showEnvVarsInLog = 0;
		};
/* End PBXShellScriptBuildPhase section */

/* Begin PBXSourcesBuildPhase section */
		2993DB6D2C1CB32D0038A34F /* Sources */ = {
			isa = PBXSourcesBuildPhase;
			buildActionMask = 2147483647;
			files = (
				2993DB962C1CBB8E0038A34F /* ProductListView.swift in Sources */,
				29BA13F72C486B9500A8C1FB /* MainView.swift in Sources */,
				2935EEBA2C472E4900013576 /* SplashView.swift in Sources */,
				2993DB982C1DBAE50038A34F /* ProductDetailView.swift in Sources */,
				2993DB9A2C1DBB1D0038A34F /* ProductDetailRouter.swift in Sources */,
				2993DB942C1CBB590038A34F /* ProductListRouter.swift in Sources */,
				29816D1E2C21952E004CB392 /* StringExt.swift in Sources */,
				291C60AF2C2DC70500835B14 /* ServiceHelper.swift in Sources */,
				29816D1C2C1EFC61004CB392 /* UIViewExtension.swift in Sources */,
				291C60B12C2DC7EB00835B14 /* ConfigFile.swift in Sources */,
				2993DB902C1CBA780038A34F /* ProductListInteractor.swift in Sources */,
				2993DB9C2C1DBB4A0038A34F /* ProductDetailPresenter.swift in Sources */,
				29816D202C21A4FF004CB392 /* SponsoredProductCollectionViewCell.swift in Sources */,
				29816D192C1EFAB0004CB392 /* ProductCollectionViewCell.swift in Sources */,
				2935EEB82C472E3800013576 /* SplashViewController.swift in Sources */,
				2993DB752C1CB32D0038A34F /* AppDelegate.swift in Sources */,
				2993DB9E2C1DBB630038A34F /* ProductDetailInteractor.swift in Sources */,
				29BA13F52C486AAB00A8C1FB /* Router.swift in Sources */,
				2993DBA02C1DBB720038A34F /* ProductDetailModel.swift in Sources */,
				29AB60D32C270FC300E2F537 /* ProductDetailCell.swift in Sources */,
				2993DB772C1CB32D0038A34F /* SceneDelegate.swift in Sources */,
				2993DB922C1CBB2A0038A34F /* ProductListPresenter.swift in Sources */,
				2993DB8E2C1CBA190038A34F /* ProductListModel.swift in Sources */,
				2935EEB52C472D8000013576 /* MainViewController.swift in Sources */,
			);
			runOnlyForDeploymentPostprocessing = 0;
		};
/* End PBXSourcesBuildPhase section */

/* Begin XCBuildConfiguration section */
		2993DB832C1CB32E0038A34F /* Debug */ = {
			isa = XCBuildConfiguration;
			buildSettings = {
				ALWAYS_SEARCH_USER_PATHS = NO;
				ASSETCATALOG_COMPILER_GENERATE_SWIFT_ASSET_SYMBOL_EXTENSIONS = YES;
				CLANG_ANALYZER_NONNULL = YES;
				CLANG_ANALYZER_NUMBER_OBJECT_CONVERSION = YES_AGGRESSIVE;
				CLANG_CXX_LANGUAGE_STANDARD = "gnu++20";
				CLANG_ENABLE_MODULES = YES;
				CLANG_ENABLE_OBJC_ARC = YES;
				CLANG_ENABLE_OBJC_WEAK = YES;
				CLANG_WARN_BLOCK_CAPTURE_AUTORELEASING = YES;
				CLANG_WARN_BOOL_CONVERSION = YES;
				CLANG_WARN_COMMA = YES;
				CLANG_WARN_CONSTANT_CONVERSION = YES;
				CLANG_WARN_DEPRECATED_OBJC_IMPLEMENTATIONS = YES;
				CLANG_WARN_DIRECT_OBJC_ISA_USAGE = YES_ERROR;
				CLANG_WARN_DOCUMENTATION_COMMENTS = YES;
				CLANG_WARN_EMPTY_BODY = YES;
				CLANG_WARN_ENUM_CONVERSION = YES;
				CLANG_WARN_INFINITE_RECURSION = YES;
				CLANG_WARN_INT_CONVERSION = YES;
				CLANG_WARN_NON_LITERAL_NULL_CONVERSION = YES;
				CLANG_WARN_OBJC_IMPLICIT_RETAIN_SELF = YES;
				CLANG_WARN_OBJC_LITERAL_CONVERSION = YES;
				CLANG_WARN_OBJC_ROOT_CLASS = YES_ERROR;
				CLANG_WARN_QUOTED_INCLUDE_IN_FRAMEWORK_HEADER = YES;
				CLANG_WARN_RANGE_LOOP_ANALYSIS = YES;
				CLANG_WARN_STRICT_PROTOTYPES = YES;
				CLANG_WARN_SUSPICIOUS_MOVE = YES;
				CLANG_WARN_UNGUARDED_AVAILABILITY = YES_AGGRESSIVE;
				CLANG_WARN_UNREACHABLE_CODE = YES;
				CLANG_WARN__DUPLICATE_METHOD_MATCH = YES;
				COPY_PHASE_STRIP = NO;
				DEBUG_INFORMATION_FORMAT = dwarf;
				ENABLE_STRICT_OBJC_MSGSEND = YES;
				ENABLE_TESTABILITY = YES;
				ENABLE_USER_SCRIPT_SANDBOXING = YES;
				GCC_C_LANGUAGE_STANDARD = gnu17;
				GCC_DYNAMIC_NO_PIC = NO;
				GCC_NO_COMMON_BLOCKS = YES;
				GCC_OPTIMIZATION_LEVEL = 0;
				GCC_PREPROCESSOR_DEFINITIONS = (
					"DEBUG=1",
					"$(inherited)",
				);
				GCC_WARN_64_TO_32_BIT_CONVERSION = YES;
				GCC_WARN_ABOUT_RETURN_TYPE = YES_ERROR;
				GCC_WARN_UNDECLARED_SELECTOR = YES;
				GCC_WARN_UNINITIALIZED_AUTOS = YES_AGGRESSIVE;
				GCC_WARN_UNUSED_FUNCTION = YES;
				GCC_WARN_UNUSED_VARIABLE = YES;
				IPHONEOS_DEPLOYMENT_TARGET = 17.5;
				LOCALIZATION_PREFERS_STRING_CATALOGS = YES;
				MTL_ENABLE_DEBUG_INFO = INCLUDE_SOURCE;
				MTL_FAST_MATH = YES;
				ONLY_ACTIVE_ARCH = YES;
				SDKROOT = iphoneos;
				SWIFT_ACTIVE_COMPILATION_CONDITIONS = "DEBUG $(inherited)";
				SWIFT_OPTIMIZATION_LEVEL = "-Onone";
			};
			name = Debug;
		};
		2993DB842C1CB32E0038A34F /* Release */ = {
			isa = XCBuildConfiguration;
			buildSettings = {
				ALWAYS_SEARCH_USER_PATHS = NO;
				ASSETCATALOG_COMPILER_GENERATE_SWIFT_ASSET_SYMBOL_EXTENSIONS = YES;
				CLANG_ANALYZER_NONNULL = YES;
				CLANG_ANALYZER_NUMBER_OBJECT_CONVERSION = YES_AGGRESSIVE;
				CLANG_CXX_LANGUAGE_STANDARD = "gnu++20";
				CLANG_ENABLE_MODULES = YES;
				CLANG_ENABLE_OBJC_ARC = YES;
				CLANG_ENABLE_OBJC_WEAK = YES;
				CLANG_WARN_BLOCK_CAPTURE_AUTORELEASING = YES;
				CLANG_WARN_BOOL_CONVERSION = YES;
				CLANG_WARN_COMMA = YES;
				CLANG_WARN_CONSTANT_CONVERSION = YES;
				CLANG_WARN_DEPRECATED_OBJC_IMPLEMENTATIONS = YES;
				CLANG_WARN_DIRECT_OBJC_ISA_USAGE = YES_ERROR;
				CLANG_WARN_DOCUMENTATION_COMMENTS = YES;
				CLANG_WARN_EMPTY_BODY = YES;
				CLANG_WARN_ENUM_CONVERSION = YES;
				CLANG_WARN_INFINITE_RECURSION = YES;
				CLANG_WARN_INT_CONVERSION = YES;
				CLANG_WARN_NON_LITERAL_NULL_CONVERSION = YES;
				CLANG_WARN_OBJC_IMPLICIT_RETAIN_SELF = YES;
				CLANG_WARN_OBJC_LITERAL_CONVERSION = YES;
				CLANG_WARN_OBJC_ROOT_CLASS = YES_ERROR;
				CLANG_WARN_QUOTED_INCLUDE_IN_FRAMEWORK_HEADER = YES;
				CLANG_WARN_RANGE_LOOP_ANALYSIS = YES;
				CLANG_WARN_STRICT_PROTOTYPES = YES;
				CLANG_WARN_SUSPICIOUS_MOVE = YES;
				CLANG_WARN_UNGUARDED_AVAILABILITY = YES_AGGRESSIVE;
				CLANG_WARN_UNREACHABLE_CODE = YES;
				CLANG_WARN__DUPLICATE_METHOD_MATCH = YES;
				COPY_PHASE_STRIP = NO;
				DEBUG_INFORMATION_FORMAT = "dwarf-with-dsym";
				ENABLE_NS_ASSERTIONS = NO;
				ENABLE_STRICT_OBJC_MSGSEND = YES;
				ENABLE_USER_SCRIPT_SANDBOXING = YES;
				GCC_C_LANGUAGE_STANDARD = gnu17;
				GCC_NO_COMMON_BLOCKS = YES;
				GCC_WARN_64_TO_32_BIT_CONVERSION = YES;
				GCC_WARN_ABOUT_RETURN_TYPE = YES_ERROR;
				GCC_WARN_UNDECLARED_SELECTOR = YES;
				GCC_WARN_UNINITIALIZED_AUTOS = YES_AGGRESSIVE;
				GCC_WARN_UNUSED_FUNCTION = YES;
				GCC_WARN_UNUSED_VARIABLE = YES;
				IPHONEOS_DEPLOYMENT_TARGET = 17.5;
				LOCALIZATION_PREFERS_STRING_CATALOGS = YES;
				MTL_ENABLE_DEBUG_INFO = NO;
				MTL_FAST_MATH = YES;
				SDKROOT = iphoneos;
				SWIFT_COMPILATION_MODE = wholemodule;
				VALIDATE_PRODUCT = YES;
			};
			name = Release;
		};
		2993DB862C1CB32E0038A34F /* Debug */ = {
			isa = XCBuildConfiguration;
			baseConfigurationReference = B4DE0B7540CE0C017CFD3386 /* Pods-ShopAppViper.debug.xcconfig */;
			buildSettings = {
				ASSETCATALOG_COMPILER_APPICON_NAME = AppIcon;
				ASSETCATALOG_COMPILER_GLOBAL_ACCENT_COLOR_NAME = AccentColor;
				ASSETCATALOG_COMPILER_INCLUDE_ALL_APPICON_ASSETS = YES;
				CODE_SIGN_STYLE = Automatic;
				CURRENT_PROJECT_VERSION = 1;
				DEVELOPMENT_TEAM = L8MP7T5V44;
				ENABLE_USER_SCRIPT_SANDBOXING = NO;
				FRAMEWORK_SEARCH_PATHS = (
					"$(inherited)/**",
					"\"${PODS_CONFIGURATION_BUILD_DIR}/Cosmos\"/**",
				);
				GENERATE_INFOPLIST_FILE = YES;
				INFOPLIST_FILE = ShopAppViper/Info.plist;
				INFOPLIST_KEY_UIApplicationSupportsIndirectInputEvents = YES;
				INFOPLIST_KEY_UILaunchStoryboardName = LaunchScreen.storyboard;
				INFOPLIST_KEY_UIMainStoryboardFile = "";
				INFOPLIST_KEY_UISupportedInterfaceOrientations_iPad = "UIInterfaceOrientationPortrait UIInterfaceOrientationPortraitUpsideDown UIInterfaceOrientationLandscapeLeft UIInterfaceOrientationLandscapeRight";
				INFOPLIST_KEY_UISupportedInterfaceOrientations_iPhone = "UIInterfaceOrientationPortrait UIInterfaceOrientationLandscapeLeft UIInterfaceOrientationLandscapeRight";
				LD_RUNPATH_SEARCH_PATHS = (
					"$(inherited)",
					"@executable_path/Frameworks",
				);
				MARKETING_VERSION = 1.0;
				PRODUCT_BUNDLE_IDENTIFIER = com.shopappviper.ShopAppViper;
				PRODUCT_NAME = "$(TARGET_NAME)";
				SWIFT_EMIT_LOC_STRINGS = YES;
				SWIFT_VERSION = 5.0;
				TARGETED_DEVICE_FAMILY = "1,2";
			};
			name = Debug;
		};
		2993DB872C1CB32E0038A34F /* Release */ = {
			isa = XCBuildConfiguration;
			baseConfigurationReference = 24E62B34B3DA86A79F7457C8 /* Pods-ShopAppViper.release.xcconfig */;
			buildSettings = {
				ASSETCATALOG_COMPILER_APPICON_NAME = AppIcon;
				ASSETCATALOG_COMPILER_GLOBAL_ACCENT_COLOR_NAME = AccentColor;
				ASSETCATALOG_COMPILER_INCLUDE_ALL_APPICON_ASSETS = YES;
				CODE_SIGN_STYLE = Automatic;
				CURRENT_PROJECT_VERSION = 1;
				DEVELOPMENT_TEAM = L8MP7T5V44;
				ENABLE_USER_SCRIPT_SANDBOXING = NO;
				FRAMEWORK_SEARCH_PATHS = (
					"$(inherited)/**",
					"\"${PODS_CONFIGURATION_BUILD_DIR}/Cosmos\"/**",
				);
				GENERATE_INFOPLIST_FILE = YES;
				INFOPLIST_FILE = ShopAppViper/Info.plist;
				INFOPLIST_KEY_UIApplicationSupportsIndirectInputEvents = YES;
				INFOPLIST_KEY_UILaunchStoryboardName = LaunchScreen.storyboard;
				INFOPLIST_KEY_UIMainStoryboardFile = "";
				INFOPLIST_KEY_UISupportedInterfaceOrientations_iPad = "UIInterfaceOrientationPortrait UIInterfaceOrientationPortraitUpsideDown UIInterfaceOrientationLandscapeLeft UIInterfaceOrientationLandscapeRight";
				INFOPLIST_KEY_UISupportedInterfaceOrientations_iPhone = "UIInterfaceOrientationPortrait UIInterfaceOrientationLandscapeLeft UIInterfaceOrientationLandscapeRight";
				LD_RUNPATH_SEARCH_PATHS = (
					"$(inherited)",
					"@executable_path/Frameworks",
				);
				MARKETING_VERSION = 1.0;
				PRODUCT_BUNDLE_IDENTIFIER = com.shopappviper.ShopAppViper;
				PRODUCT_NAME = "$(TARGET_NAME)";
				SWIFT_EMIT_LOC_STRINGS = YES;
				SWIFT_VERSION = 5.0;
				TARGETED_DEVICE_FAMILY = "1,2";
			};
			name = Release;
		};
/* End XCBuildConfiguration section */

/* Begin XCConfigurationList section */
		2993DB6C2C1CB32D0038A34F /* Build configuration list for PBXProject "ShopAppViper" */ = {
			isa = XCConfigurationList;
			buildConfigurations = (
				2993DB832C1CB32E0038A34F /* Debug */,
				2993DB842C1CB32E0038A34F /* Release */,
			);
			defaultConfigurationIsVisible = 0;
			defaultConfigurationName = Release;
		};
		2993DB852C1CB32E0038A34F /* Build configuration list for PBXNativeTarget "ShopAppViper" */ = {
			isa = XCConfigurationList;
			buildConfigurations = (
				2993DB862C1CB32E0038A34F /* Debug */,
				2993DB872C1CB32E0038A34F /* Release */,
			);
			defaultConfigurationIsVisible = 0;
			defaultConfigurationName = Release;
		};
/* End XCConfigurationList section */
	};
	rootObject = 2993DB692C1CB32D0038A34F /* Project object */;
}
